// !$*UTF8*$!
{
	archiveVersion = 1;
	classes = {
	};
	objectVersion = 46;
	objects = {

/* Begin PBXBuildFile section */
		3458BDB9194708AB006BBFE7 /* Foundation.framework in Frameworks */ = {isa = PBXBuildFile; fileRef = 3458BDB8194708AB006BBFE7 /* Foundation.framework */; };
		3458BDBB194708AB006BBFE7 /* CoreGraphics.framework in Frameworks */ = {isa = PBXBuildFile; fileRef = 3458BDBA194708AB006BBFE7 /* CoreGraphics.framework */; };
		3458BDBD194708AB006BBFE7 /* UIKit.framework in Frameworks */ = {isa = PBXBuildFile; fileRef = 3458BDBC194708AB006BBFE7 /* UIKit.framework */; };
		3458BDD8194708AB006BBFE7 /* XCTest.framework in Frameworks */ = {isa = PBXBuildFile; fileRef = 3458BDD7194708AB006BBFE7 /* XCTest.framework */; };
		3458BDD9194708AB006BBFE7 /* Foundation.framework in Frameworks */ = {isa = PBXBuildFile; fileRef = 3458BDB8194708AB006BBFE7 /* Foundation.framework */; };
		3458BDDA194708AB006BBFE7 /* UIKit.framework in Frameworks */ = {isa = PBXBuildFile; fileRef = 3458BDBC194708AB006BBFE7 /* UIKit.framework */; };
		3458BDE2194708AB006BBFE7 /* InfoPlist.strings in Resources */ = {isa = PBXBuildFile; fileRef = 3458BDE0194708AB006BBFE7 /* InfoPlist.strings */; };
		3458BDE4194708AB006BBFE7 /* AttributorTests.m in Sources */ = {isa = PBXBuildFile; fileRef = 3458BDE3194708AB006BBFE7 /* AttributorTests.m */; };
		34C47BD6194B071A006F10E3 /* Attributor-Info.plist in Resources */ = {isa = PBXBuildFile; fileRef = 34C47BD3194B071A006F10E3 /* Attributor-Info.plist */; };
		34C47BD7194B071A006F10E3 /* main.m in Sources */ = {isa = PBXBuildFile; fileRef = 34C47BD5194B071A006F10E3 /* main.m */; };
		34C47BDA194B072E006F10E3 /* InfoPlist.strings in Resources */ = {isa = PBXBuildFile; fileRef = 34C47BD8194B072E006F10E3 /* InfoPlist.strings */; };
		34C47BDD194B0759006F10E3 /* Main.storyboard in Resources */ = {isa = PBXBuildFile; fileRef = 34C47BDB194B0759006F10E3 /* Main.storyboard */; };
		34C47BE7194B0776006F10E3 /* AttributorAppDelegate.m in Sources */ = {isa = PBXBuildFile; fileRef = 34C47BDF194B0776006F10E3 /* AttributorAppDelegate.m */; };
		34C47BE8194B0776006F10E3 /* AttributorViewController.m in Sources */ = {isa = PBXBuildFile; fileRef = 34C47BE1194B0776006F10E3 /* AttributorViewController.m */; };
		34C47BE9194B0776006F10E3 /* CustomView.m in Sources */ = {isa = PBXBuildFile; fileRef = 34C47BE3194B0776006F10E3 /* CustomView.m */; };
		34C47BEA194B0776006F10E3 /* Images.xcassets in Resources */ = {isa = PBXBuildFile; fileRef = 34C47BE4194B0776006F10E3 /* Images.xcassets */; };
		34C47BEB194B0776006F10E3 /* TextStatsViewController.m in Sources */ = {isa = PBXBuildFile; fileRef = 34C47BE6194B0776006F10E3 /* TextStatsViewController.m */; };
/* End PBXBuildFile section */

/* Begin PBXContainerItemProxy section */
		3458BDDB194708AB006BBFE7 /* PBXContainerItemProxy */ = {
			isa = PBXContainerItemProxy;
			containerPortal = 3458BDAD194708AB006BBFE7 /* Project object */;
			proxyType = 1;
			remoteGlobalIDString = 3458BDB4194708AB006BBFE7;
			remoteInfo = Atributor;
		};
/* End PBXContainerItemProxy section */

/* Begin PBXFileReference section */
		3458BDB5194708AB006BBFE7 /* Atributor.app */ = {isa = PBXFileReference; explicitFileType = wrapper.application; includeInIndex = 0; path = Atributor.app; sourceTree = BUILT_PRODUCTS_DIR; };
		3458BDB8194708AB006BBFE7 /* Foundation.framework */ = {isa = PBXFileReference; lastKnownFileType = wrapper.framework; name = Foundation.framework; path = System/Library/Frameworks/Foundation.framework; sourceTree = SDKROOT; };
		3458BDBA194708AB006BBFE7 /* CoreGraphics.framework */ = {isa = PBXFileReference; lastKnownFileType = wrapper.framework; name = CoreGraphics.framework; path = System/Library/Frameworks/CoreGraphics.framework; sourceTree = SDKROOT; };
		3458BDBC194708AB006BBFE7 /* UIKit.framework */ = {isa = PBXFileReference; lastKnownFileType = wrapper.framework; name = UIKit.framework; path = System/Library/Frameworks/UIKit.framework; sourceTree = SDKROOT; };
		3458BDD6194708AB006BBFE7 /* AtributorTests.xctest */ = {isa = PBXFileReference; explicitFileType = wrapper.cfbundle; includeInIndex = 0; path = AtributorTests.xctest; sourceTree = BUILT_PRODUCTS_DIR; };
		3458BDD7194708AB006BBFE7 /* XCTest.framework */ = {isa = PBXFileReference; lastKnownFileType = wrapper.framework; name = XCTest.framework; path = Library/Frameworks/XCTest.framework; sourceTree = DEVELOPER_DIR; };
		3458BDDF194708AB006BBFE7 /* AttributorTests-Info.plist */ = {isa = PBXFileReference; lastKnownFileType = text.plist.xml; path = "AttributorTests-Info.plist"; sourceTree = "<group>"; };
		3458BDE1194708AB006BBFE7 /* en */ = {isa = PBXFileReference; lastKnownFileType = text.plist.strings; name = en; path = en.lproj/InfoPlist.strings; sourceTree = "<group>"; };
		3458BDE3194708AB006BBFE7 /* AttributorTests.m */ = {isa = PBXFileReference; lastKnownFileType = sourcecode.c.objc; path = AttributorTests.m; sourceTree = "<group>"; };
		34C47BD3194B071A006F10E3 /* Attributor-Info.plist */ = {isa = PBXFileReference; fileEncoding = 4; lastKnownFileType = text.plist.xml; name = "Attributor-Info.plist"; path = "Attributor/Attributor-Info.plist"; sourceTree = SOURCE_ROOT; };
		34C47BD4194B071A006F10E3 /* Attributor-Prefix.pch */ = {isa = PBXFileReference; fileEncoding = 4; lastKnownFileType = sourcecode.c.h; name = "Attributor-Prefix.pch"; path = "Attributor/Attributor-Prefix.pch"; sourceTree = SOURCE_ROOT; };
		34C47BD5194B071A006F10E3 /* main.m */ = {isa = PBXFileReference; fileEncoding = 4; lastKnownFileType = sourcecode.c.objc; name = main.m; path = Attributor/main.m; sourceTree = SOURCE_ROOT; };
		34C47BD9194B072E006F10E3 /* en */ = {isa = PBXFileReference; lastKnownFileType = text.plist.strings; name = en; path = Attributor/en.lproj/InfoPlist.strings; sourceTree = SOURCE_ROOT; };
		34C47BDC194B0759006F10E3 /* Base */ = {isa = PBXFileReference; lastKnownFileType = file.storyboard; name = Base; path = Attributor/Base.lproj/Main.storyboard; sourceTree = SOURCE_ROOT; };
		34C47BDE194B0776006F10E3 /* AttributorAppDelegate.h */ = {isa = PBXFileReference; fileEncoding = 4; lastKnownFileType = sourcecode.c.h; name = AttributorAppDelegate.h; path = Attributor/AttributorAppDelegate.h; sourceTree = SOURCE_ROOT; };
		34C47BDF194B0776006F10E3 /* AttributorAppDelegate.m */ = {isa = PBXFileReference; fileEncoding = 4; lastKnownFileType = sourcecode.c.objc; name = AttributorAppDelegate.m; path = Attributor/AttributorAppDelegate.m; sourceTree = SOURCE_ROOT; };
		34C47BE0194B0776006F10E3 /* AttributorViewController.h */ = {isa = PBXFileReference; fileEncoding = 4; lastKnownFileType = sourcecode.c.h; name = AttributorViewController.h; path = Attributor/AttributorViewController.h; sourceTree = SOURCE_ROOT; };
		34C47BE1194B0776006F10E3 /* AttributorViewController.m */ = {isa = PBXFileReference; fileEncoding = 4; lastKnownFileType = sourcecode.c.objc; name = AttributorViewController.m; path = Attributor/AttributorViewController.m; sourceTree = SOURCE_ROOT; };
		34C47BE2194B0776006F10E3 /* CustomView.h */ = {isa = PBXFileReference; fileEncoding = 4; lastKnownFileType = sourcecode.c.h; name = CustomView.h; path = Attributor/CustomView.h; sourceTree = SOURCE_ROOT; };
		34C47BE3194B0776006F10E3 /* CustomView.m */ = {isa = PBXFileReference; fileEncoding = 4; lastKnownFileType = sourcecode.c.objc; name = CustomView.m; path = Attributor/CustomView.m; sourceTree = SOURCE_ROOT; };
		34C47BE4194B0776006F10E3 /* Images.xcassets */ = {isa = PBXFileReference; lastKnownFileType = folder.assetcatalog; name = Images.xcassets; path = Attributor/Images.xcassets; sourceTree = SOURCE_ROOT; };
		34C47BE5194B0776006F10E3 /* TextStatsViewController.h */ = {isa = PBXFileReference; fileEncoding = 4; lastKnownFileType = sourcecode.c.h; name = TextStatsViewController.h; path = Attributor/TextStatsViewController.h; sourceTree = SOURCE_ROOT; };
		34C47BE6194B0776006F10E3 /* TextStatsViewController.m */ = {isa = PBXFileReference; fileEncoding = 4; lastKnownFileType = sourcecode.c.objc; name = TextStatsViewController.m; path = Attributor/TextStatsViewController.m; sourceTree = SOURCE_ROOT; };
/* End PBXFileReference section */

/* Begin PBXFrameworksBuildPhase section */
		3458BDB2194708AB006BBFE7 /* Frameworks */ = {
			isa = PBXFrameworksBuildPhase;
			buildActionMask = 2147483647;
			files = (
				3458BDBB194708AB006BBFE7 /* CoreGraphics.framework in Frameworks */,
				3458BDBD194708AB006BBFE7 /* UIKit.framework in Frameworks */,
				3458BDB9194708AB006BBFE7 /* Foundation.framework in Frameworks */,
			);
			runOnlyForDeploymentPostprocessing = 0;
		};
		3458BDD3194708AB006BBFE7 /* Frameworks */ = {
			isa = PBXFrameworksBuildPhase;
			buildActionMask = 2147483647;
			files = (
				3458BDD8194708AB006BBFE7 /* XCTest.framework in Frameworks */,
				3458BDDA194708AB006BBFE7 /* UIKit.framework in Frameworks */,
				3458BDD9194708AB006BBFE7 /* Foundation.framework in Frameworks */,
			);
			runOnlyForDeploymentPostprocessing = 0;
		};
/* End PBXFrameworksBuildPhase section */

/* Begin PBXGroup section */
		3458BDAC194708AB006BBFE7 = {
			isa = PBXGroup;
			children = (
				3458BDBE194708AB006BBFE7 /* Attributor */,
				3458BDDD194708AB006BBFE7 /* AttributorTests */,
				3458BDB7194708AB006BBFE7 /* Frameworks */,
				3458BDB6194708AB006BBFE7 /* Products */,
			);
			sourceTree = "<group>";
		};
		3458BDB6194708AB006BBFE7 /* Products */ = {
			isa = PBXGroup;
			children = (
				3458BDB5194708AB006BBFE7 /* Atributor.app */,
				3458BDD6194708AB006BBFE7 /* AtributorTests.xctest */,
			);
			name = Products;
			sourceTree = "<group>";
		};
		3458BDB7194708AB006BBFE7 /* Frameworks */ = {
			isa = PBXGroup;
			children = (
				3458BDB8194708AB006BBFE7 /* Foundation.framework */,
				3458BDBA194708AB006BBFE7 /* CoreGraphics.framework */,
				3458BDBC194708AB006BBFE7 /* UIKit.framework */,
				3458BDD7194708AB006BBFE7 /* XCTest.framework */,
			);
			name = Frameworks;
			sourceTree = "<group>";
		};
		3458BDBE194708AB006BBFE7 /* Attributor */ = {
			isa = PBXGroup;
			children = (
				34C47BDE194B0776006F10E3 /* AttributorAppDelegate.h */,
				34C47BDF194B0776006F10E3 /* AttributorAppDelegate.m */,
				34C47BE0194B0776006F10E3 /* AttributorViewController.h */,
				34C47BE1194B0776006F10E3 /* AttributorViewController.m */,
				34C47BE2194B0776006F10E3 /* CustomView.h */,
				34C47BE3194B0776006F10E3 /* CustomView.m */,
				34C47BE4194B0776006F10E3 /* Images.xcassets */,
				34C47BE5194B0776006F10E3 /* TextStatsViewController.h */,
				34C47BE6194B0776006F10E3 /* TextStatsViewController.m */,
				34C47BDB194B0759006F10E3 /* Main.storyboard */,
				3458BDBF194708AB006BBFE7 /* Supporting Files */,
			);
			name = Attributor;
			path = Atributor;
			sourceTree = "<group>";
		};
		3458BDBF194708AB006BBFE7 /* Supporting Files */ = {
			isa = PBXGroup;
			children = (
				34C47BD8194B072E006F10E3 /* InfoPlist.strings */,
				34C47BD3194B071A006F10E3 /* Attributor-Info.plist */,
				34C47BD4194B071A006F10E3 /* Attributor-Prefix.pch */,
				34C47BD5194B071A006F10E3 /* main.m */,
			);
			name = "Supporting Files";
			sourceTree = "<group>";
		};
		3458BDDD194708AB006BBFE7 /* AttributorTests */ = {
			isa = PBXGroup;
			children = (
				3458BDE3194708AB006BBFE7 /* AttributorTests.m */,
				3458BDDE194708AB006BBFE7 /* Supporting Files */,
			);
			name = AttributorTests;
			path = AtributorTests;
			sourceTree = "<group>";
		};
		3458BDDE194708AB006BBFE7 /* Supporting Files */ = {
			isa = PBXGroup;
			children = (
				3458BDDF194708AB006BBFE7 /* AttributorTests-Info.plist */,
				3458BDE0194708AB006BBFE7 /* InfoPlist.strings */,
			);
			name = "Supporting Files";
			sourceTree = "<group>";
		};
/* End PBXGroup section */

/* Begin PBXNativeTarget section */
		3458BDB4194708AB006BBFE7 /* Atributor */ = {
			isa = PBXNativeTarget;
			buildConfigurationList = 3458BDE7194708AB006BBFE7 /* Build configuration list for PBXNativeTarget "Atributor" */;
			buildPhases = (
				3458BDB1194708AB006BBFE7 /* Sources */,
				3458BDB2194708AB006BBFE7 /* Frameworks */,
				3458BDB3194708AB006BBFE7 /* Resources */,
			);
			buildRules = (
			);
			dependencies = (
			);
			name = Atributor;
			productName = Atributor;
			productReference = 3458BDB5194708AB006BBFE7 /* Atributor.app */;
			productType = "com.apple.product-type.application";
		};
		3458BDD5194708AB006BBFE7 /* AtributorTests */ = {
			isa = PBXNativeTarget;
			buildConfigurationList = 3458BDEA194708AB006BBFE7 /* Build configuration list for PBXNativeTarget "AtributorTests" */;
			buildPhases = (
				3458BDD2194708AB006BBFE7 /* Sources */,
				3458BDD3194708AB006BBFE7 /* Frameworks */,
				3458BDD4194708AB006BBFE7 /* Resources */,
			);
			buildRules = (
			);
			dependencies = (
				3458BDDC194708AB006BBFE7 /* PBXTargetDependency */,
			);
			name = AtributorTests;
			productName = AtributorTests;
			productReference = 3458BDD6194708AB006BBFE7 /* AtributorTests.xctest */;
			productType = "com.apple.product-type.bundle.unit-test";
		};
/* End PBXNativeTarget section */

/* Begin PBXProject section */
		3458BDAD194708AB006BBFE7 /* Project object */ = {
			isa = PBXProject;
			attributes = {
				CLASSPREFIX = Atributor;
				LastUpgradeCheck = 0510;
				ORGANIZATIONNAME = Microstrategy;
				TargetAttributes = {
					3458BDD5194708AB006BBFE7 = {
						TestTargetID = 3458BDB4194708AB006BBFE7;
					};
				};
			};
			buildConfigurationList = 3458BDB0194708AB006BBFE7 /* Build configuration list for PBXProject "Atributor" */;
			compatibilityVersion = "Xcode 3.2";
			developmentRegion = English;
			hasScannedForEncodings = 0;
			knownRegions = (
				en,
				Base,
			);
			mainGroup = 3458BDAC194708AB006BBFE7;
			productRefGroup = 3458BDB6194708AB006BBFE7 /* Products */;
			projectDirPath = "";
			projectRoot = "";
			targets = (
				3458BDB4194708AB006BBFE7 /* Atributor */,
				3458BDD5194708AB006BBFE7 /* AtributorTests */,
			);
		};
/* End PBXProject section */

/* Begin PBXResourcesBuildPhase section */
		3458BDB3194708AB006BBFE7 /* Resources */ = {
			isa = PBXResourcesBuildPhase;
			buildActionMask = 2147483647;
			files = (
				34C47BD6194B071A006F10E3 /* Attributor-Info.plist in Resources */,
				34C47BEA194B0776006F10E3 /* Images.xcassets in Resources */,
				34C47BDA194B072E006F10E3 /* InfoPlist.strings in Resources */,
				34C47BDD194B0759006F10E3 /* Main.storyboard in Resources */,
			);
			runOnlyForDeploymentPostprocessing = 0;
		};
		3458BDD4194708AB006BBFE7 /* Resources */ = {
			isa = PBXResourcesBuildPhase;
			buildActionMask = 2147483647;
			files = (
				3458BDE2194708AB006BBFE7 /* InfoPlist.strings in Resources */,
			);
			runOnlyForDeploymentPostprocessing = 0;
		};
/* End PBXResourcesBuildPhase section */

/* Begin PBXSourcesBuildPhase section */
		3458BDB1194708AB006BBFE7 /* Sources */ = {
			isa = PBXSourcesBuildPhase;
			buildActionMask = 2147483647;
			files = (
				34C47BEB194B0776006F10E3 /* TextStatsViewController.m in Sources */,
				34C47BE7194B0776006F10E3 /* AttributorAppDelegate.m in Sources */,
				34C47BE9194B0776006F10E3 /* CustomView.m in Sources */,
				34C47BE8194B0776006F10E3 /* AttributorViewController.m in Sources */,
				34C47BD7194B071A006F10E3 /* main.m in Sources */,
			);
			runOnlyForDeploymentPostprocessing = 0;
		};
		3458BDD2194708AB006BBFE7 /* Sources */ = {
			isa = PBXSourcesBuildPhase;
			buildActionMask = 2147483647;
			files = (
				3458BDE4194708AB006BBFE7 /* AttributorTests.m in Sources */,
			);
			runOnlyForDeploymentPostprocessing = 0;
		};
/* End PBXSourcesBuildPhase section */

/* Begin PBXTargetDependency section */
		3458BDDC194708AB006BBFE7 /* PBXTargetDependency */ = {
			isa = PBXTargetDependency;
			target = 3458BDB4194708AB006BBFE7 /* Atributor */;
			targetProxy = 3458BDDB194708AB006BBFE7 /* PBXContainerItemProxy */;
		};
/* End PBXTargetDependency section */

/* Begin PBXVariantGroup section */
		3458BDE0194708AB006BBFE7 /* InfoPlist.strings */ = {
			isa = PBXVariantGroup;
			children = (
				3458BDE1194708AB006BBFE7 /* en */,
			);
			name = InfoPlist.strings;
			sourceTree = "<group>";
		};
		34C47BD8194B072E006F10E3 /* InfoPlist.strings */ = {
			isa = PBXVariantGroup;
			children = (
				34C47BD9194B072E006F10E3 /* en */,
			);
			name = InfoPlist.strings;
			sourceTree = "<group>";
		};
		34C47BDB194B0759006F10E3 /* Main.storyboard */ = {
			isa = PBXVariantGroup;
			children = (
				34C47BDC194B0759006F10E3 /* Base */,
			);
			name = Main.storyboard;
			sourceTree = "<group>";
		};
/* End PBXVariantGroup section */

/* Begin XCBuildConfiguration section */
		3458BDE5194708AB006BBFE7 /* Debug */ = {
			isa = XCBuildConfiguration;
			buildSettings = {
				ALWAYS_SEARCH_USER_PATHS = NO;
				CLANG_CXX_LANGUAGE_STANDARD = "gnu++0x";
				CLANG_CXX_LIBRARY = "libc++";
				CLANG_ENABLE_MODULES = YES;
				CLANG_ENABLE_OBJC_ARC = YES;
				CLANG_WARN_BOOL_CONVERSION = YES;
				CLANG_WARN_CONSTANT_CONVERSION = YES;
				CLANG_WARN_DIRECT_OBJC_ISA_USAGE = YES_ERROR;
				CLANG_WARN_EMPTY_BODY = YES;
				CLANG_WARN_ENUM_CONVERSION = YES;
				CLANG_WARN_INT_CONVERSION = YES;
				CLANG_WARN_OBJC_ROOT_CLASS = YES_ERROR;
				CLANG_WARN__DUPLICATE_METHOD_MATCH = YES;
				"CODE_SIGN_IDENTITY[sdk=iphoneos*]" = "iPhone Developer";
				COPY_PHASE_STRIP = NO;
				GCC_C_LANGUAGE_STANDARD = gnu99;
				GCC_DYNAMIC_NO_PIC = NO;
				GCC_OPTIMIZATION_LEVEL = 0;
				GCC_PREPROCESSOR_DEFINITIONS = (
					"DEBUG=1",
					"$(inherited)",
				);
				GCC_SYMBOLS_PRIVATE_EXTERN = NO;
				GCC_WARN_64_TO_32_BIT_CONVERSION = YES;
				GCC_WARN_ABOUT_RETURN_TYPE = YES_ERROR;
				GCC_WARN_UNDECLARED_SELECTOR = YES;
				GCC_WARN_UNINITIALIZED_AUTOS = YES_AGGRESSIVE;
				GCC_WARN_UNUSED_FUNCTION = YES;
				GCC_WARN_UNUSED_VARIABLE = YES;
				IPHONEOS_DEPLOYMENT_TARGET = 7.1;
				ONLY_ACTIVE_ARCH = YES;
				SDKROOT = iphoneos;
			};
			name = Debug;
		};
		3458BDE6194708AB006BBFE7 /* Release */ = {
			isa = XCBuildConfiguration;
			buildSettings = {
				ALWAYS_SEARCH_USER_PATHS = NO;
				CLANG_CXX_LANGUAGE_STANDARD = "gnu++0x";
				CLANG_CXX_LIBRARY = "libc++";
				CLANG_ENABLE_MODULES = YES;
				CLANG_ENABLE_OBJC_ARC = YES;
				CLANG_WARN_BOOL_CONVERSION = YES;
				CLANG_WARN_CONSTANT_CONVERSION = YES;
				CLANG_WARN_DIRECT_OBJC_ISA_USAGE = YES_ERROR;
				CLANG_WARN_EMPTY_BODY = YES;
				CLANG_WARN_ENUM_CONVERSION = YES;
				CLANG_WARN_INT_CONVERSION = YES;
				CLANG_WARN_OBJC_ROOT_CLASS = YES_ERROR;
				CLANG_WARN__DUPLICATE_METHOD_MATCH = YES;
				"CODE_SIGN_IDENTITY[sdk=iphoneos*]" = "iPhone Developer";
				COPY_PHASE_STRIP = YES;
				ENABLE_NS_ASSERTIONS = NO;
				GCC_C_LANGUAGE_STANDARD = gnu99;
				GCC_WARN_64_TO_32_BIT_CONVERSION = YES;
				GCC_WARN_ABOUT_RETURN_TYPE = YES_ERROR;
				GCC_WARN_UNDECLARED_SELECTOR = YES;
				GCC_WARN_UNINITIALIZED_AUTOS = YES_AGGRESSIVE;
				GCC_WARN_UNUSED_FUNCTION = YES;
				GCC_WARN_UNUSED_VARIABLE = YES;
				IPHONEOS_DEPLOYMENT_TARGET = 7.1;
				SDKROOT = iphoneos;
				VALIDATE_PRODUCT = YES;
			};
			name = Release;
		};
		3458BDE8194708AB006BBFE7 /* Debug */ = {
			isa = XCBuildConfiguration;
			buildSettings = {
				ASSETCATALOG_COMPILER_APPICON_NAME = AppIcon;
				ASSETCATALOG_COMPILER_LAUNCHIMAGE_NAME = LaunchImage;
				GCC_PRECOMPILE_PREFIX_HEADER = YES;
				GCC_PREFIX_HEADER = "Attributor/Attributor-Prefix.pch";
				INFOPLIST_FILE = "Attributor/Attributor-Info.plist";
				PRODUCT_NAME = "$(TARGET_NAME)";
				WRAPPER_EXTENSION = app;
			};
			name = Debug;
		};
		3458BDE9194708AB006BBFE7 /* Release */ = {
			isa = XCBuildConfiguration;
			buildSettings = {
				ASSETCATALOG_COMPILER_APPICON_NAME = AppIcon;
				ASSETCATALOG_COMPILER_LAUNCHIMAGE_NAME = LaunchImage;
				GCC_PRECOMPILE_PREFIX_HEADER = YES;
				GCC_PREFIX_HEADER = "Attributor/Attributor-Prefix.pch";
				INFOPLIST_FILE = "Attributor/Attributor-Info.plist";
				PRODUCT_NAME = "$(TARGET_NAME)";
				WRAPPER_EXTENSION = app;
			};
			name = Release;
		};
		3458BDEB194708AB006BBFE7 /* Debug */ = {
			isa = XCBuildConfiguration;
			buildSettings = {
				BUNDLE_LOADER = "$(BUILT_PRODUCTS_DIR)/Attributor.app/Attributor";
				FRAMEWORK_SEARCH_PATHS = (
					"$(SDKROOT)/Developer/Library/Frameworks",
					"$(inherited)",
					"$(DEVELOPER_FRAMEWORKS_DIR)",
				);
				GCC_PRECOMPILE_PREFIX_HEADER = YES;
				GCC_PREFIX_HEADER = "Attributor/Attributor-Prefix.pch";
				GCC_PREPROCESSOR_DEFINITIONS = (
					"DEBUG=1",
					"$(inherited)",
				);
				INFOPLIST_FILE = "AtributorTests/AtributorTests-Info.plist";
				PRODUCT_NAME = "$(TARGET_NAME)";
				TEST_HOST = "$(BUNDLE_LOADER)";
				WRAPPER_EXTENSION = xctest;
			};
			name = Debug;
		};
		3458BDEC194708AB006BBFE7 /* Release */ = {
			isa = XCBuildConfiguration;
			buildSettings = {
				BUNDLE_LOADER = "$(BUILT_PRODUCTS_DIR)/Attributor.app/Attributor";
				FRAMEWORK_SEARCH_PATHS = (
					"$(SDKROOT)/Developer/Library/Frameworks",
					"$(inherited)",
					"$(DEVELOPER_FRAMEWORKS_DIR)",
				);
				GCC_PRECOMPILE_PREFIX_HEADER = YES;
				GCC_PREFIX_HEADER = "Attributor/Attributor-Prefix.pch";
				INFOPLIST_FILE = "AtributorTests/AtributorTests-Info.plist";
				PRODUCT_NAME = "$(TARGET_NAME)";
				TEST_HOST = "$(BUNDLE_LOADER)";
				WRAPPER_EXTENSION = xctest;
			};
			name = Release;
		};
/* End XCBuildConfiguration section */

/* Begin XCConfigurationList section */
		3458BDB0194708AB006BBFE7 /* Build configuration list for PBXProject "Atributor" */ = {
			isa = XCConfigurationList;
			buildConfigurations = (
				3458BDE5194708AB006BBFE7 /* Debug */,
				3458BDE6194708AB006BBFE7 /* Release */,
			);
			defaultConfigurationIsVisible = 0;
			defaultConfigurationName = Release;
		};
		3458BDE7194708AB006BBFE7 /* Build configuration list for PBXNativeTarget "Atributor" */ = {
			isa = XCConfigurationList;
			buildConfigurations = (
				3458BDE8194708AB006BBFE7 /* Debug */,
				3458BDE9194708AB006BBFE7 /* Release */,
			);
			defaultConfigurationIsVisible = 0;
			defaultConfigurationName = Release;
		};
		3458BDEA194708AB006BBFE7 /* Build configuration list for PBXNativeTarget "AtributorTests" */ = {
			isa = XCConfigurationList;
			buildConfigurations = (
				3458BDEB194708AB006BBFE7 /* Debug */,
				3458BDEC194708AB006BBFE7 /* Release */,
			);
			defaultConfigurationIsVisible = 0;
			defaultConfigurationName = Release;
		};
/* End XCConfigurationList section */
	};
	rootObject = 3458BDAD194708AB006BBFE7 /* Project object */;
}
